
Microsoft Visual Studio Solution File, Format Version 12.00
# Visual Studio 15
VisualStudioVersion = 15.0.26730.15
MinimumVisualStudioVersion = 10.0.40219.1
Project("{FAE04EC0-301F-11D3-BF4B-00C04F79EFBC}") = "DentalClinic", "DentalClinic\DentalClinic.csproj", "{A20CC9AF-1042-4B10-969A-B38D18792BFF}"
EndProject
Global
	GlobalSection(SolutionConfigurationPlatforms) = preSolution
		Debug|Any CPU = Debug|Any CPU
		Release|Any CPU = Release|Any CPU
	EndGlobalSection
	GlobalSection(ProjectConfigurationPlatforms) = postSolution
		{A20CC9AF-1042-4B10-969A-B38D18792BFF}.Debug|Any CPU.ActiveCfg = Debug|Any CPU
		{A20CC9AF-1042-4B10-969A-B38D18792BFF}.Debug|Any CPU.Build.0 = Debug|Any CPU
		{A20CC9AF-1042-4B10-969A-B38D18792BFF}.Release|Any CPU.ActiveCfg = Release|Any CPU
		{A20CC9AF-1042-4B10-969A-B38D18792BFF}.Release|Any CPU.Build.0 = Release|Any CPU
	EndGlobalSection
	GlobalSection(SolutionProperties) = preSolution
		HideSolutionNode = FALSE
	EndGlobalSection
	GlobalSection(ExtensibilityGlobals) = postSolution
		SolutionGuid = {63739754-CAAA-401C-AE9F-3AF8E446B506}
	EndGlobalSection
EndGlobal
